
Microsoft Visual Studio Solution File, Format Version 12.00
# Visual Studio Version 17
VisualStudioVersion = 17.5.33530.505
MinimumVisualStudioVersion = 10.0.40219.1
Project("{FAE04EC0-301F-11D3-BF4B-00C04F79EFBC}") = "Lab 12 Question 2", "Lab 12 Question 2\Lab 12 Question 2.csproj", "{6B399D57-082A-4F8F-AC90-33FCB31C8798}"
EndProject
Global
	GlobalSection(SolutionConfigurationPlatforms) = preSolution
		Debug|Any CPU = Debug|Any CPU
		Release|Any CPU = Release|Any CPU
	EndGlobalSection
	GlobalSection(ProjectConfigurationPlatforms) = postSolution
		{6B399D57-082A-4F8F-AC90-33FCB31C8798}.Debug|Any CPU.ActiveCfg = Debug|Any CPU
		{6B399D57-082A-4F8F-AC90-33FCB31C8798}.Debug|Any CPU.Build.0 = Debug|Any CPU
		{6B399D57-082A-4F8F-AC90-33FCB31C8798}.Release|Any CPU.ActiveCfg = Release|Any CPU
		{6B399D57-082A-4F8F-AC90-33FCB31C8798}.Release|Any CPU.Build.0 = Release|Any CPU
	EndGlobalSection
	GlobalSection(SolutionProperties) = preSolution
		HideSolutionNode = FALSE
	EndGlobalSection
	GlobalSection(ExtensibilityGlobals) = postSolution
		SolutionGuid = {77F8C4A2-C714-4E9C-A5B2-229531E85245}
	EndGlobalSection
EndGlobal
