
Microsoft Visual Studio Solution File, Format Version 12.00
# Visual Studio Version 17
VisualStudioVersion = 17.5.33530.505
MinimumVisualStudioVersion = 10.0.40219.1
Project("{FAE04EC0-301F-11D3-BF4B-00C04F79EFBC}") = "Lab10 Question 3", "Lab10 Question 3\Lab10 Question 3.csproj", "{D88A014A-51B9-41C3-93D5-01EE06394C37}"
EndProject
Global
	GlobalSection(SolutionConfigurationPlatforms) = preSolution
		Debug|Any CPU = Debug|Any CPU
		Release|Any CPU = Release|Any CPU
	EndGlobalSection
	GlobalSection(ProjectConfigurationPlatforms) = postSolution
		{D88A014A-51B9-41C3-93D5-01EE06394C37}.Debug|Any CPU.ActiveCfg = Debug|Any CPU
		{D88A014A-51B9-41C3-93D5-01EE06394C37}.Debug|Any CPU.Build.0 = Debug|Any CPU
		{D88A014A-51B9-41C3-93D5-01EE06394C37}.Release|Any CPU.ActiveCfg = Release|Any CPU
		{D88A014A-51B9-41C3-93D5-01EE06394C37}.Release|Any CPU.Build.0 = Release|Any CPU
	EndGlobalSection
	GlobalSection(SolutionProperties) = preSolution
		HideSolutionNode = FALSE
	EndGlobalSection
	GlobalSection(ExtensibilityGlobals) = postSolution
		SolutionGuid = {FC884B86-1CF2-489E-B925-9807F86DC1E0}
	EndGlobalSection
EndGlobal
