
Microsoft Visual Studio Solution File, Format Version 12.00
# Visual Studio Version 17
VisualStudioVersion = 17.5.33530.505
MinimumVisualStudioVersion = 10.0.40219.1
Project("{FAE04EC0-301F-11D3-BF4B-00C04F79EFBC}") = "Lab10 Question  4", "Lab10 Question  4\Lab10 Question  4.csproj", "{CDAA71B9-1388-4AFA-84E3-25977263C4C5}"
EndProject
Global
	GlobalSection(SolutionConfigurationPlatforms) = preSolution
		Debug|Any CPU = Debug|Any CPU
		Release|Any CPU = Release|Any CPU
	EndGlobalSection
	GlobalSection(ProjectConfigurationPlatforms) = postSolution
		{CDAA71B9-1388-4AFA-84E3-25977263C4C5}.Debug|Any CPU.ActiveCfg = Debug|Any CPU
		{CDAA71B9-1388-4AFA-84E3-25977263C4C5}.Debug|Any CPU.Build.0 = Debug|Any CPU
		{CDAA71B9-1388-4AFA-84E3-25977263C4C5}.Release|Any CPU.ActiveCfg = Release|Any CPU
		{CDAA71B9-1388-4AFA-84E3-25977263C4C5}.Release|Any CPU.Build.0 = Release|Any CPU
	EndGlobalSection
	GlobalSection(SolutionProperties) = preSolution
		HideSolutionNode = FALSE
	EndGlobalSection
	GlobalSection(ExtensibilityGlobals) = postSolution
		SolutionGuid = {3D86BB42-40F0-47DD-BBCA-2181E721FF3C}
	EndGlobalSection
EndGlobal
