
Microsoft Visual Studio Solution File, Format Version 12.00
# Visual Studio Version 17
VisualStudioVersion = 17.5.33530.505
MinimumVisualStudioVersion = 10.0.40219.1
Project("{FAE04EC0-301F-11D3-BF4B-00C04F79EFBC}") = "Lab 9 Question 5", "Lab 9 Question 5\Lab 9 Question 5.csproj", "{A5FBE004-0DBA-44EA-8D2F-72F74EBB95A4}"
EndProject
Global
	GlobalSection(SolutionConfigurationPlatforms) = preSolution
		Debug|Any CPU = Debug|Any CPU
		Release|Any CPU = Release|Any CPU
	EndGlobalSection
	GlobalSection(ProjectConfigurationPlatforms) = postSolution
		{A5FBE004-0DBA-44EA-8D2F-72F74EBB95A4}.Debug|Any CPU.ActiveCfg = Debug|Any CPU
		{A5FBE004-0DBA-44EA-8D2F-72F74EBB95A4}.Debug|Any CPU.Build.0 = Debug|Any CPU
		{A5FBE004-0DBA-44EA-8D2F-72F74EBB95A4}.Release|Any CPU.ActiveCfg = Release|Any CPU
		{A5FBE004-0DBA-44EA-8D2F-72F74EBB95A4}.Release|Any CPU.Build.0 = Release|Any CPU
	EndGlobalSection
	GlobalSection(SolutionProperties) = preSolution
		HideSolutionNode = FALSE
	EndGlobalSection
	GlobalSection(ExtensibilityGlobals) = postSolution
		SolutionGuid = {CECCEF02-E188-41BF-933B-E88841100ED4}
	EndGlobalSection
EndGlobal
